
Microsoft Visual Studio Solution File, Format Version 12.00
# Visual Studio Version 16
VisualStudioVersion = 16.0.29102.190
MinimumVisualStudioVersion = 10.0.40219.1
Project("{FAE04EC0-301F-11D3-BF4B-00C04F79EFBC}") = "Uds.WebApi", "Uds_Teste\Uds.WebApi.csproj", "{5960DDBF-A9D9-4835-940B-02D4C74F94CC}"
EndProject
Project("{FAE04EC0-301F-11D3-BF4B-00C04F79EFBC}") = "Uds.Domain", "Uds.Domain\Uds.Domain.csproj", "{F1A75832-3915-4CBA-9D23-01927FDC9104}"
EndProject
Project("{FAE04EC0-301F-11D3-BF4B-00C04F79EFBC}") = "Uds.Infra", "Uds.Infra\Uds.Infra.csproj", "{C9A2F32E-7223-4576-A9BD-36D6FF0596C2}"
EndProject
Global
	GlobalSection(SolutionConfigurationPlatforms) = preSolution
		Debug|Any CPU = Debug|Any CPU
		Release|Any CPU = Release|Any CPU
	EndGlobalSection
	GlobalSection(ProjectConfigurationPlatforms) = postSolution
		{5960DDBF-A9D9-4835-940B-02D4C74F94CC}.Debug|Any CPU.ActiveCfg = Debug|Any CPU
		{5960DDBF-A9D9-4835-940B-02D4C74F94CC}.Debug|Any CPU.Build.0 = Debug|Any CPU
		{5960DDBF-A9D9-4835-940B-02D4C74F94CC}.Release|Any CPU.ActiveCfg = Release|Any CPU
		{5960DDBF-A9D9-4835-940B-02D4C74F94CC}.Release|Any CPU.Build.0 = Release|Any CPU
		{F1A75832-3915-4CBA-9D23-01927FDC9104}.Debug|Any CPU.ActiveCfg = Debug|Any CPU
		{F1A75832-3915-4CBA-9D23-01927FDC9104}.Debug|Any CPU.Build.0 = Debug|Any CPU
		{F1A75832-3915-4CBA-9D23-01927FDC9104}.Release|Any CPU.ActiveCfg = Release|Any CPU
		{F1A75832-3915-4CBA-9D23-01927FDC9104}.Release|Any CPU.Build.0 = Release|Any CPU
		{C9A2F32E-7223-4576-A9BD-36D6FF0596C2}.Debug|Any CPU.ActiveCfg = Debug|Any CPU
		{C9A2F32E-7223-4576-A9BD-36D6FF0596C2}.Debug|Any CPU.Build.0 = Debug|Any CPU
		{C9A2F32E-7223-4576-A9BD-36D6FF0596C2}.Release|Any CPU.ActiveCfg = Release|Any CPU
		{C9A2F32E-7223-4576-A9BD-36D6FF0596C2}.Release|Any CPU.Build.0 = Release|Any CPU
	EndGlobalSection
	GlobalSection(SolutionProperties) = preSolution
		HideSolutionNode = FALSE
	EndGlobalSection
	GlobalSection(ExtensibilityGlobals) = postSolution
		SolutionGuid = {A6992DD5-2A53-4B9D-9E6E-9D3EC3B83D20}
	EndGlobalSection
EndGlobal
